dependencies:
- name: promtail
  repository: https://grafana.github.io/helm-charts
  version: 6.17.1
- name: loki
  repository: https://grafana-community.github.io/helm-charts
  version: 9.5.10
digest: sha256:10ceed83ea09fa4f939e03b4f20bb385be1e1d5dcbb7a2f3890fb72319620bbc
generated: "2026-04-05T18:44:29.778359-04:00"
