dependencies:
- name: emby
  repository: https://bananaspliff.github.io/geek-charts/
  version: 0.1.0
- name: prowlarr
  repository: https://k8s-at-home.com/charts/
  version: 4.5.2
- name: radarr
  repository: https://bananaspliff.github.io/geek-charts/
  version: 0.1.0
- name: sonarr
  repository: https://bananaspliff.github.io/geek-charts/
  version: 0.1.0
- name: seerr-chart
  repository: oci://ghcr.io/seerr-team/seerr
  version: 3.9.1
- name: bazarr
  repository: oci://oci.trueforge.org/truecharts
  version: 24.11.0
- name: jellyfin
  repository: oci://oci.trueforge.org/truecharts
  version: 23.8.0
digest: sha256:a9a8c64a9f97ae845b863bb0dcf98c6561e40909f47a8c6aa2cf988679b4e8eb
generated: "2026-09-13T12:55:52.144849706Z"
