dependencies:
- name: bazarr
  repository: https://k8s-at-home.com/charts/
  version: 10.6.2
- name: emby
  repository: https://bananaspliff.github.io/geek-charts/
  version: 0.1.0
- name: prowlarr
  repository: https://k8s-at-home.com/charts/
  version: 4.5.2
- name: radarr
  repository: https://bananaspliff.github.io/geek-charts/
  version: 0.1.0
- name: sonarr
  repository: https://bananaspliff.github.io/geek-charts/
  version: 0.1.0
- name: transmission-openvpn
  repository: https://bananaspliff.github.io/geek-charts/
  version: 0.1.0
digest: sha256:9cae351f3f507714ea4e28ad8875da5a3227471ee30ee5f6f66b99f3e6066732
generated: "2025-03-04T16:17:22.527947+01:00"
