dependencies:
- name: emby
  repository: https://bananaspliff.github.io/geek-charts/
  version: 0.1.0
- name: prowlarr
  repository: https://k8s-at-home.com/charts/
  version: 4.5.2
- name: radarr
  repository: https://bananaspliff.github.io/geek-charts/
  version: 0.1.0
- name: sonarr
  repository: https://bananaspliff.github.io/geek-charts/
  version: 0.1.0
- name: seerr-chart
  repository: oci://ghcr.io/seerr-team/seerr
  version: 3.9.1
- name: bazarr
  repository: oci://oci.trueforge.org/truecharts
  version: 24.9.0
- name: jellyfin
  repository: oci://oci.trueforge.org/truecharts
  version: 23.8.0
digest: sha256:7c9e9ce17dee3e071aa6463b51f93e66e47b775ea5cd4ab99a26bc0cdeefa227
generated: "2026-08-29T21:52:22.151731416Z"
